
Microsoft Visual Studio Solution File, Format Version 12.00
# Visual Studio 15
VisualStudioVersion = 15.0.28010.2041
MinimumVisualStudioVersion = 10.0.40219.1
Project("{FAE04EC0-301F-11D3-BF4B-00C04F79EFBC}") = "Ebuy", "Ebuy\Ebuy.csproj", "{7AABAAAE-AFB6-4D21-8EC5-9CC1DDFC437A}"
EndProject
Global
	GlobalSection(SolutionConfigurationPlatforms) = preSolution
		Debug|Any CPU = Debug|Any CPU
		Release|Any CPU = Release|Any CPU
	EndGlobalSection
	GlobalSection(ProjectConfigurationPlatforms) = postSolution
		{7AABAAAE-AFB6-4D21-8EC5-9CC1DDFC437A}.Debug|Any CPU.ActiveCfg = Debug|Any CPU
		{7AABAAAE-AFB6-4D21-8EC5-9CC1DDFC437A}.Debug|Any CPU.Build.0 = Debug|Any CPU
		{7AABAAAE-AFB6-4D21-8EC5-9CC1DDFC437A}.Release|Any CPU.ActiveCfg = Release|Any CPU
		{7AABAAAE-AFB6-4D21-8EC5-9CC1DDFC437A}.Release|Any CPU.Build.0 = Release|Any CPU
	EndGlobalSection
	GlobalSection(SolutionProperties) = preSolution
		HideSolutionNode = FALSE
	EndGlobalSection
	GlobalSection(ExtensibilityGlobals) = postSolution
		SolutionGuid = {A9D3FCBE-53CD-4A09-9D7C-8AADA1FF3FD5}
	EndGlobalSection
EndGlobal
